// !$*UTF8*$!
{
	archiveVersion = 1;
	classes = {
	};
	objectVersion = 56;
	objects = {

/* Begin PBXBuildFile section */
		0E1CADFB2A8A147C003EA733 /* L6App.swift in Sources */ = {isa = PBXBuildFile; fileRef = 0E1CADFA2A8A147C003EA733 /* L6App.swift */; };
		0E1CADFD2A8A147C003EA733 /* ContentView.swift in Sources */ = {isa = PBXBuildFile; fileRef = 0E1CADFC2A8A147C003EA733 /* ContentView.swift */; };
		0E1CADFF2A8A147D003EA733 /* Assets.xcassets in Resources */ = {isa = PBXBuildFile; fileRef = 0E1CADFE2A8A147D003EA733 /* Assets.xcassets */; };
		0E1CAE022A8A147D003EA733 /* Preview Assets.xcassets in Resources */ = {isa = PBXBuildFile; fileRef = 0E1CAE012A8A147D003EA733 /* Preview Assets.xcassets */; };
		0E1CAE092A8A16F4003EA733 /* DetailView.swift in Sources */ = {isa = PBXBuildFile; fileRef = 0E1CAE082A8A16F4003EA733 /* DetailView.swift */; };
		0E1CAE0B2A8A1976003EA733 /* BindingArrays.swift in Sources */ = {isa = PBXBuildFile; fileRef = 0E1CAE0A2A8A1976003EA733 /* BindingArrays.swift */; };
		0E1CAE272A8A2179003EA733 /* NoteView.swift in Sources */ = {isa = PBXBuildFile; fileRef = 0E1CAE262A8A2179003EA733 /* NoteView.swift */; };
		0E1CAE292A8AFF44003EA733 /* CreateNewView.swift in Sources */ = {isa = PBXBuildFile; fileRef = 0E1CAE282A8AFF44003EA733 /* CreateNewView.swift */; };
		0EDF14822A9AB48C00376300 /* SettingsView.swift in Sources */ = {isa = PBXBuildFile; fileRef = 0EDF14812A9AB48C00376300 /* SettingsView.swift */; };
/* End PBXBuildFile section */

/* Begin PBXFileReference section */
		0E1CADF72A8A147C003EA733 /* L6.app */ = {isa = PBXFileReference; explicitFileType = wrapper.application; includeInIndex = 0; path = L6.app; sourceTree = BUILT_PRODUCTS_DIR; };
		0E1CADFA2A8A147C003EA733 /* L6App.swift */ = {isa = PBXFileReference; lastKnownFileType = sourcecode.swift; path = L6App.swift; sourceTree = "<group>"; };
		0E1CADFC2A8A147C003EA733 /* ContentView.swift */ = {isa = PBXFileReference; lastKnownFileType = sourcecode.swift; path = ContentView.swift; sourceTree = "<group>"; };
		0E1CADFE2A8A147D003EA733 /* Assets.xcassets */ = {isa = PBXFileReference; lastKnownFileType = folder.assetcatalog; path = Assets.xcassets; sourceTree = "<group>"; };
		0E1CAE012A8A147D003EA733 /* Preview Assets.xcassets */ = {isa = PBXFileReference; lastKnownFileType = folder.assetcatalog; path = "Preview Assets.xcassets"; sourceTree = "<group>"; };
		0E1CAE082A8A16F4003EA733 /* DetailView.swift */ = {isa = PBXFileReference; lastKnownFileType = sourcecode.swift; path = DetailView.swift; sourceTree = "<group>"; };
		0E1CAE0A2A8A1976003EA733 /* BindingArrays.swift */ = {isa = PBXFileReference; lastKnownFileType = sourcecode.swift; path = BindingArrays.swift; sourceTree = "<group>"; };
		0E1CAE262A8A2179003EA733 /* NoteView.swift */ = {isa = PBXFileReference; lastKnownFileType = sourcecode.swift; path = NoteView.swift; sourceTree = "<group>"; };
		0E1CAE282A8AFF44003EA733 /* CreateNewView.swift */ = {isa = PBXFileReference; lastKnownFileType = sourcecode.swift; path = CreateNewView.swift; sourceTree = "<group>"; };
		0EDF14812A9AB48C00376300 /* SettingsView.swift */ = {isa = PBXFileReference; lastKnownFileType = sourcecode.swift; path = SettingsView.swift; sourceTree = "<group>"; };
/* End PBXFileReference section */

/* Begin PBXFrameworksBuildPhase section */
		0E1CADF42A8A147C003EA733 /* Frameworks */ = {
			isa = PBXFrameworksBuildPhase;
			buildActionMask = 2147483647;
			files = (
			);
			runOnlyForDeploymentPostprocessing = 0;
		};
/* End PBXFrameworksBuildPhase section */

/* Begin PBXGroup section */
		0E1CADEE2A8A147C003EA733 = {
			isa = PBXGroup;
			children = (
				0EDF14812A9AB48C00376300 /* SettingsView.swift */,
				0E1CAE282A8AFF44003EA733 /* CreateNewView.swift */,
				0E1CADF92A8A147C003EA733 /* L6 */,
				0E1CADF82A8A147C003EA733 /* Products */,
			);
			sourceTree = "<group>";
		};
		0E1CADF82A8A147C003EA733 /* Products */ = {
			isa = PBXGroup;
			children = (
				0E1CADF72A8A147C003EA733 /* L6.app */,
			);
			name = Products;
			sourceTree = "<group>";
		};
		0E1CADF92A8A147C003EA733 /* L6 */ = {
			isa = PBXGroup;
			children = (
				0E1CADFA2A8A147C003EA733 /* L6App.swift */,
				0E1CAE262A8A2179003EA733 /* NoteView.swift */,
				0E1CADFC2A8A147C003EA733 /* ContentView.swift */,
				0E1CAE0A2A8A1976003EA733 /* BindingArrays.swift */,
				0E1CAE082A8A16F4003EA733 /* DetailView.swift */,
				0E1CADFE2A8A147D003EA733 /* Assets.xcassets */,
				0E1CAE002A8A147D003EA733 /* Preview Content */,
			);
			path = L6;
			sourceTree = "<group>";
		};
		0E1CAE002A8A147D003EA733 /* Preview Content */ = {
			isa = PBXGroup;
			children = (
				0E1CAE012A8A147D003EA733 /* Preview Assets.xcassets */,
			);
			path = "Preview Content";
			sourceTree = "<group>";
		};
/* End PBXGroup section */

/* Begin PBXNativeTarget section */
		0E1CADF62A8A147C003EA733 /* L6 */ = {
			isa = PBXNativeTarget;
			buildConfigurationList = 0E1CAE052A8A147D003EA733 /* Build configuration list for PBXNativeTarget "L6" */;
			buildPhases = (
				0E1CADF32A8A147C003EA733 /* Sources */,
				0E1CADF42A8A147C003EA733 /* Frameworks */,
				0E1CADF52A8A147C003EA733 /* Resources */,
			);
			buildRules = (
			);
			dependencies = (
			);
			name = L6;
			productName = L6;
			productReference = 0E1CADF72A8A147C003EA733 /* L6.app */;
			productType = "com.apple.product-type.application";
		};
/* End PBXNativeTarget section */

/* Begin PBXProject section */
		0E1CADEF2A8A147C003EA733 /* Project object */ = {
			isa = PBXProject;
			attributes = {
				BuildIndependentTargetsInParallel = 1;
				LastSwiftUpdateCheck = 1430;
				LastUpgradeCheck = 1430;
				TargetAttributes = {
					0E1CADF62A8A147C003EA733 = {
						CreatedOnToolsVersion = 14.3.1;
					};
				};
			};
			buildConfigurationList = 0E1CADF22A8A147C003EA733 /* Build configuration list for PBXProject "L6" */;
			compatibilityVersion = "Xcode 14.0";
			developmentRegion = en;
			hasScannedForEncodings = 0;
			knownRegions = (
				en,
				Base,
			);
			mainGroup = 0E1CADEE2A8A147C003EA733;
			productRefGroup = 0E1CADF82A8A147C003EA733 /* Products */;
			projectDirPath = "";
			projectRoot = "";
			targets = (
				0E1CADF62A8A147C003EA733 /* L6 */,
			);
		};
/* End PBXProject section */

/* Begin PBXResourcesBuildPhase section */
		0E1CADF52A8A147C003EA733 /* Resources */ = {
			isa = PBXResourcesBuildPhase;
			buildActionMask = 2147483647;
			files = (
				0E1CAE022A8A147D003EA733 /* Preview Assets.xcassets in Resources */,
				0E1CADFF2A8A147D003EA733 /* Assets.xcassets in Resources */,
			);
			runOnlyForDeploymentPostprocessing = 0;
		};
/* End PBXResourcesBuildPhase section */

/* Begin PBXSourcesBuildPhase section */
		0E1CADF32A8A147C003EA733 /* Sources */ = {
			isa = PBXSourcesBuildPhase;
			buildActionMask = 2147483647;
			files = (
				0EDF14822A9AB48C00376300 /* SettingsView.swift in Sources */,
				0E1CADFD2A8A147C003EA733 /* ContentView.swift in Sources */,
				0E1CAE272A8A2179003EA733 /* NoteView.swift in Sources */,
				0E1CAE092A8A16F4003EA733 /* DetailView.swift in Sources */,
				0E1CADFB2A8A147C003EA733 /* L6App.swift in Sources */,
				0E1CAE0B2A8A1976003EA733 /* BindingArrays.swift in Sources */,
				0E1CAE292A8AFF44003EA733 /* CreateNewView.swift in Sources */,
			);
			runOnlyForDeploymentPostprocessing = 0;
		};
/* End PBXSourcesBuildPhase section */

/* Begin XCBuildConfiguration section */
		0E1CAE032A8A147D003EA733 /* Debug */ = {
			isa = XCBuildConfiguration;
			buildSettings = {
				ALWAYS_SEARCH_USER_PATHS = NO;
				CLANG_ANALYZER_NONNULL = YES;
				CLANG_ANALYZER_NUMBER_OBJECT_CONVERSION = YES_AGGRESSIVE;
				CLANG_CXX_LANGUAGE_STANDARD = "gnu++20";
				CLANG_ENABLE_MODULES = YES;
				CLANG_ENABLE_OBJC_ARC = YES;
				CLANG_ENABLE_OBJC_WEAK = YES;
				CLANG_WARN_BLOCK_CAPTURE_AUTORELEASING = YES;
				CLANG_WARN_BOOL_CONVERSION = YES;
				CLANG_WARN_COMMA = YES;
				CLANG_WARN_CONSTANT_CONVERSION = YES;
				CLANG_WARN_DEPRECATED_OBJC_IMPLEMENTATIONS = YES;
				CLANG_WARN_DIRECT_OBJC_ISA_USAGE = YES_ERROR;
				CLANG_WARN_DOCUMENTATION_COMMENTS = YES;
				CLANG_WARN_EMPTY_BODY = YES;
				CLANG_WARN_ENUM_CONVERSION = YES;
				CLANG_WARN_INFINITE_RECURSION = YES;
				CLANG_WARN_INT_CONVERSION = YES;
				CLANG_WARN_NON_LITERAL_NULL_CONVERSION = YES;
				CLANG_WARN_OBJC_IMPLICIT_RETAIN_SELF = YES;
				CLANG_WARN_OBJC_LITERAL_CONVERSION = YES;
				CLANG_WARN_OBJC_ROOT_CLASS = YES_ERROR;
				CLANG_WARN_QUOTED_INCLUDE_IN_FRAMEWORK_HEADER = YES;
				CLANG_WARN_RANGE_LOOP_ANALYSIS = YES;
				CLANG_WARN_STRICT_PROTOTYPES = YES;
				CLANG_WARN_SUSPICIOUS_MOVE = YES;
				CLANG_WARN_UNGUARDED_AVAILABILITY = YES_AGGRESSIVE;
				CLANG_WARN_UNREACHABLE_CODE = YES;
				CLANG_WARN__DUPLICATE_METHOD_MATCH = YES;
				COPY_PHASE_STRIP = NO;
				DEBUG_INFORMATION_FORMAT = dwarf;
				ENABLE_STRICT_OBJC_MSGSEND = YES;
				ENABLE_TESTABILITY = YES;
				GCC_C_LANGUAGE_STANDARD = gnu11;
				GCC_DYNAMIC_NO_PIC = NO;
				GCC_NO_COMMON_BLOCKS = YES;
				GCC_OPTIMIZATION_LEVEL = 0;
				GCC_PREPROCESSOR_DEFINITIONS = (
					"DEBUG=1",
					"$(inherited)",
				);
				GCC_WARN_64_TO_32_BIT_CONVERSION = YES;
				GCC_WARN_ABOUT_RETURN_TYPE = YES_ERROR;
				GCC_WARN_UNDECLARED_SELECTOR = YES;
				GCC_WARN_UNINITIALIZED_AUTOS = YES_AGGRESSIVE;
				GCC_WARN_UNUSED_FUNCTION = YES;
				GCC_WARN_UNUSED_VARIABLE = YES;
				IPHONEOS_DEPLOYMENT_TARGET = 16.4;
				MTL_ENABLE_DEBUG_INFO = INCLUDE_SOURCE;
				MTL_FAST_MATH = YES;
				ONLY_ACTIVE_ARCH = YES;
				SDKROOT = iphoneos;
				SWIFT_ACTIVE_COMPILATION_CONDITIONS = DEBUG;
				SWIFT_OPTIMIZATION_LEVEL = "-Onone";
			};
			name = Debug;
		};
		0E1CAE042A8A147D003EA733 /* Release */ = {
			isa = XCBuildConfiguration;
			buildSettings = {
				ALWAYS_SEARCH_USER_PATHS = NO;
				CLANG_ANALYZER_NONNULL = YES;
				CLANG_ANALYZER_NUMBER_OBJECT_CONVERSION = YES_AGGRESSIVE;
				CLANG_CXX_LANGUAGE_STANDARD = "gnu++20";
				CLANG_ENABLE_MODULES = YES;
				CLANG_ENABLE_OBJC_ARC = YES;
				CLANG_ENABLE_OBJC_WEAK = YES;
				CLANG_WARN_BLOCK_CAPTURE_AUTORELEASING = YES;
				CLANG_WARN_BOOL_CONVERSION = YES;
				CLANG_WARN_COMMA = YES;
				CLANG_WARN_CONSTANT_CONVERSION = YES;
				CLANG_WARN_DEPRECATED_OBJC_IMPLEMENTATIONS = YES;
				CLANG_WARN_DIRECT_OBJC_ISA_USAGE = YES_ERROR;
				CLANG_WARN_DOCUMENTATION_COMMENTS = YES;
				CLANG_WARN_EMPTY_BODY = YES;
				CLANG_WARN_ENUM_CONVERSION = YES;
				CLANG_WARN_INFINITE_RECURSION = YES;
				CLANG_WARN_INT_CONVERSION = YES;
				CLANG_WARN_NON_LITERAL_NULL_CONVERSION = YES;
				CLANG_WARN_OBJC_IMPLICIT_RETAIN_SELF = YES;
				CLANG_WARN_OBJC_LITERAL_CONVERSION = YES;
				CLANG_WARN_OBJC_ROOT_CLASS = YES_ERROR;
				CLANG_WARN_QUOTED_INCLUDE_IN_FRAMEWORK_HEADER = YES;
				CLANG_WARN_RANGE_LOOP_ANALYSIS = YES;
				CLANG_WARN_STRICT_PROTOTYPES = YES;
				CLANG_WARN_SUSPICIOUS_MOVE = YES;
				CLANG_WARN_UNGUARDED_AVAILABILITY = YES_AGGRESSIVE;
				CLANG_WARN_UNREACHABLE_CODE = YES;
				CLANG_WARN__DUPLICATE_METHOD_MATCH = YES;
				COPY_PHASE_STRIP = NO;
				DEBUG_INFORMATION_FORMAT = "dwarf-with-dsym";
				ENABLE_NS_ASSERTIONS = NO;
				ENABLE_STRICT_OBJC_MSGSEND = YES;
				GCC_C_LANGUAGE_STANDARD = gnu11;
				GCC_NO_COMMON_BLOCKS = YES;
				GCC_WARN_64_TO_32_BIT_CONVERSION = YES;
				GCC_WARN_ABOUT_RETURN_TYPE = YES_ERROR;
				GCC_WARN_UNDECLARED_SELECTOR = YES;
				GCC_WARN_UNINITIALIZED_AUTOS = YES_AGGRESSIVE;
				GCC_WARN_UNUSED_FUNCTION = YES;
				GCC_WARN_UNUSED_VARIABLE = YES;
				IPHONEOS_DEPLOYMENT_TARGET = 16.4;
				MTL_ENABLE_DEBUG_INFO = NO;
				MTL_FAST_MATH = YES;
				SDKROOT = iphoneos;
				SWIFT_COMPILATION_MODE = wholemodule;
				SWIFT_OPTIMIZATION_LEVEL = "-O";
				VALIDATE_PRODUCT = YES;
			};
			name = Release;
		};
		0E1CAE062A8A147D003EA733 /* Debug */ = {
			isa = XCBuildConfiguration;
			buildSettings = {
				ASSETCATALOG_COMPILER_APPICON_NAME = AppIcon;
				ASSETCATALOG_COMPILER_GLOBAL_ACCENT_COLOR_NAME = AccentColor;
				CODE_SIGN_STYLE = Automatic;
				CURRENT_PROJECT_VERSION = 1;
				DEVELOPMENT_ASSET_PATHS = "\"L6/Preview Content\"";
				DEVELOPMENT_TEAM = YFZU7S8NF7;
				ENABLE_PREVIEWS = YES;
				GENERATE_INFOPLIST_FILE = YES;
				INFOPLIST_KEY_UIApplicationSceneManifest_Generation = YES;
				INFOPLIST_KEY_UIApplicationSupportsIndirectInputEvents = YES;
				INFOPLIST_KEY_UILaunchScreen_Generation = YES;
				INFOPLIST_KEY_UISupportedInterfaceOrientations_iPad = "UIInterfaceOrientationPortrait UIInterfaceOrientationPortraitUpsideDown UIInterfaceOrientationLandscapeLeft UIInterfaceOrientationLandscapeRight";
				INFOPLIST_KEY_UISupportedInterfaceOrientations_iPhone = "UIInterfaceOrientationPortrait UIInterfaceOrientationLandscapeLeft UIInterfaceOrientationLandscapeRight";
				LD_RUNPATH_SEARCH_PATHS = (
					"$(inherited)",
					"@executable_path/Frameworks",
				);
				MARKETING_VERSION = 1.0;
				PRODUCT_BUNDLE_IDENTIFIER = Michael.L6;
				PRODUCT_NAME = "$(TARGET_NAME)";
				SWIFT_EMIT_LOC_STRINGS = YES;
				SWIFT_VERSION = 5.0;
				TARGETED_DEVICE_FAMILY = "1,2";
			};
			name = Debug;
		};
		0E1CAE072A8A147D003EA733 /* Release */ = {
			isa = XCBuildConfiguration;
			buildSettings = {
				ASSETCATALOG_COMPILER_APPICON_NAME = AppIcon;
				ASSETCATALOG_COMPILER_GLOBAL_ACCENT_COLOR_NAME = AccentColor;
				CODE_SIGN_STYLE = Automatic;
				CURRENT_PROJECT_VERSION = 1;
				DEVELOPMENT_ASSET_PATHS = "\"L6/Preview Content\"";
				DEVELOPMENT_TEAM = YFZU7S8NF7;
				ENABLE_PREVIEWS = YES;
				GENERATE_INFOPLIST_FILE = YES;
				INFOPLIST_KEY_UIApplicationSceneManifest_Generation = YES;
				INFOPLIST_KEY_UIApplicationSupportsIndirectInputEvents = YES;
				INFOPLIST_KEY_UILaunchScreen_Generation = YES;
				INFOPLIST_KEY_UISupportedInterfaceOrientations_iPad = "UIInterfaceOrientationPortrait UIInterfaceOrientationPortraitUpsideDown UIInterfaceOrientationLandscapeLeft UIInterfaceOrientationLandscapeRight";
				INFOPLIST_KEY_UISupportedInterfaceOrientations_iPhone = "UIInterfaceOrientationPortrait UIInterfaceOrientationLandscapeLeft UIInterfaceOrientationLandscapeRight";
				LD_RUNPATH_SEARCH_PATHS = (
					"$(inherited)",
					"@executable_path/Frameworks",
				);
				MARKETING_VERSION = 1.0;
				PRODUCT_BUNDLE_IDENTIFIER = Michael.L6;
				PRODUCT_NAME = "$(TARGET_NAME)";
				SWIFT_EMIT_LOC_STRINGS = YES;
				SWIFT_VERSION = 5.0;
				TARGETED_DEVICE_FAMILY = "1,2";
			};
			name = Release;
		};
/* End XCBuildConfiguration section */

/* Begin XCConfigurationList section */
		0E1CADF22A8A147C003EA733 /* Build configuration list for PBXProject "L6" */ = {
			isa = XCConfigurationList;
			buildConfigurations = (
				0E1CAE032A8A147D003EA733 /* Debug */,
				0E1CAE042A8A147D003EA733 /* Release */,
			);
			defaultConfigurationIsVisible = 0;
			defaultConfigurationName = Release;
		};
		0E1CAE052A8A147D003EA733 /* Build configuration list for PBXNativeTarget "L6" */ = {
			isa = XCConfigurationList;
			buildConfigurations = (
				0E1CAE062A8A147D003EA733 /* Debug */,
				0E1CAE072A8A147D003EA733 /* Release */,
			);
			defaultConfigurationIsVisible = 0;
			defaultConfigurationName = Release;
		};
/* End XCConfigurationList section */
	};
	rootObject = 0E1CADEF2A8A147C003EA733 /* Project object */;
}
